// !$*UTF8*$!
{
	archiveVersion = 1;
	classes = {
	};
	objectVersion = 51;
	objects = {

/* Begin PBXBuildFile section */
		EADC15E327ED1B2D00962A5B /* main.m in Sources */ = {isa = PBXBuildFile; fileRef = 29B97316FDCFA39411CA2CEA /* main.m */; settings = {ATTRIBUTES = (); COMPILER_FLAGS = "-w"; }; };
		EADC15E427ED1B2D00962A5B /* swell-dlg.mm in Sources */ = {isa = PBXBuildFile; fileRef = 33343C060CE4DB5D00FF8CE6 /* swell-dlg.mm */; settings = {COMPILER_FLAGS = "-w"; }; };
		EADC15E527ED1B2D00962A5B /* swell-gdi.mm in Sources */ = {isa = PBXBuildFile; fileRef = 33343C0A0CE4DB7000FF8CE6 /* swell-gdi.mm */; settings = {COMPILER_FLAGS = "-w"; }; };
		EADC15E627ED1B2D00962A5B /* swell-ini.cpp in Sources */ = {isa = PBXBuildFile; fileRef = 33343C0B0CE4DB7000FF8CE6 /* swell-ini.cpp */; settings = {COMPILER_FLAGS = "-w"; }; };
		EADC15E727ED1B2D00962A5B /* swell-kb.mm in Sources */ = {isa = PBXBuildFile; fileRef = 33343C0C0CE4DB7000FF8CE6 /* swell-kb.mm */; settings = {COMPILER_FLAGS = "-w"; }; };
		EADC15E827ED1B2D00962A5B /* swell-menu.mm in Sources */ = {isa = PBXBuildFile; fileRef = 33343C0D0CE4DB7000FF8CE6 /* swell-menu.mm */; settings = {COMPILER_FLAGS = "-w"; }; };
		EADC15E927ED1B2D00962A5B /* swell-miscdlg.mm in Sources */ = {isa = PBXBuildFile; fileRef = 33343C0F0CE4DB7000FF8CE6 /* swell-miscdlg.mm */; settings = {COMPILER_FLAGS = "-w"; }; };
		EADC15EA27ED1B2D00962A5B /* swell-wnd.mm in Sources */ = {isa = PBXBuildFile; fileRef = 33343C100CE4DB7000FF8CE6 /* swell-wnd.mm */; settings = {COMPILER_FLAGS = "-w"; }; };
		EADC15EB27ED1B2D00962A5B /* swell.cpp in Sources */ = {isa = PBXBuildFile; fileRef = 33343C110CE4DB7000FF8CE6 /* swell.cpp */; settings = {COMPILER_FLAGS = "-w"; }; };
		EADC15EC27ED1B2D00962A5B /* Controller.mm in Sources */ = {isa = PBXBuildFile; fileRef = 33E075640CE4DDD3005DDE14 /* Controller.mm */; settings = {COMPILER_FLAGS = "-w"; }; };
		EADC15ED27ED1B2D00962A5B /* swell-misc.mm in Sources */ = {isa = PBXBuildFile; fileRef = 33651CDD10B766A6005FF751 /* swell-misc.mm */; settings = {COMPILER_FLAGS = "-w"; }; };
		EADC15EF27ED1B2D00962A5B /* Cocoa.framework in Frameworks */ = {isa = PBXBuildFile; fileRef = EADC15C427ED109500962A5B /* Cocoa.framework */; };
		EADC15F027ED1B2D00962A5B /* Carbon.framework in Frameworks */ = {isa = PBXBuildFile; fileRef = EADC15C127ED079D00962A5B /* Carbon.framework */; };
		EADC15F727ED4A3300962A5B /* MainMenu.xib in Resources */ = {isa = PBXBuildFile; fileRef = EADC15F527ED4A3300962A5B /* MainMenu.xib */; };
/* End PBXBuildFile section */

/* Begin PBXFileReference section */
		29B97316FDCFA39411CA2CEA /* main.m */ = {isa = PBXFileReference; fileEncoding = 4; lastKnownFileType = sourcecode.c.objc; path = main.m; sourceTree = "<group>"; };
		33343C060CE4DB5D00FF8CE6 /* swell-dlg.mm */ = {isa = PBXFileReference; fileEncoding = 30; lastKnownFileType = sourcecode.cpp.objcpp; name = "swell-dlg.mm"; path = "../vendor/WDL/WDL/swell/swell-dlg.mm"; sourceTree = SOURCE_ROOT; };
		33343C0A0CE4DB7000FF8CE6 /* swell-gdi.mm */ = {isa = PBXFileReference; fileEncoding = 30; lastKnownFileType = sourcecode.cpp.objcpp; name = "swell-gdi.mm"; path = "../vendor/WDL/WDL/swell/swell-gdi.mm"; sourceTree = SOURCE_ROOT; };
		33343C0B0CE4DB7000FF8CE6 /* swell-ini.cpp */ = {isa = PBXFileReference; fileEncoding = 30; lastKnownFileType = sourcecode.cpp.cpp; name = "swell-ini.cpp"; path = "../vendor/WDL/WDL/swell/swell-ini.cpp"; sourceTree = SOURCE_ROOT; };
		33343C0C0CE4DB7000FF8CE6 /* swell-kb.mm */ = {isa = PBXFileReference; fileEncoding = 30; lastKnownFileType = sourcecode.cpp.objcpp; name = "swell-kb.mm"; path = "../vendor/WDL/WDL/swell/swell-kb.mm"; sourceTree = SOURCE_ROOT; };
		33343C0D0CE4DB7000FF8CE6 /* swell-menu.mm */ = {isa = PBXFileReference; fileEncoding = 30; lastKnownFileType = sourcecode.cpp.objcpp; name = "swell-menu.mm"; path = "../vendor/WDL/WDL/swell/swell-menu.mm"; sourceTree = SOURCE_ROOT; };
		33343C0F0CE4DB7000FF8CE6 /* swell-miscdlg.mm */ = {isa = PBXFileReference; fileEncoding = 30; lastKnownFileType = sourcecode.cpp.objcpp; name = "swell-miscdlg.mm"; path = "../vendor/WDL/WDL/swell/swell-miscdlg.mm"; sourceTree = SOURCE_ROOT; };
		33343C100CE4DB7000FF8CE6 /* swell-wnd.mm */ = {isa = PBXFileReference; fileEncoding = 30; lastKnownFileType = sourcecode.cpp.objcpp; name = "swell-wnd.mm"; path = "../vendor/WDL/WDL/swell/swell-wnd.mm"; sourceTree = SOURCE_ROOT; };
		33343C110CE4DB7000FF8CE6 /* swell.cpp */ = {isa = PBXFileReference; fileEncoding = 30; lastKnownFileType = sourcecode.cpp.cpp; name = swell.cpp; path = ../vendor/WDL/WDL/swell/swell.cpp; sourceTree = SOURCE_ROOT; };
		33651CDD10B766A6005FF751 /* swell-misc.mm */ = {isa = PBXFileReference; fileEncoding = 4; lastKnownFileType = sourcecode.cpp.objcpp; name = "swell-misc.mm"; path = "../vendor/WDL/WDL/swell/swell-misc.mm"; sourceTree = SOURCE_ROOT; };
		33E075630CE4DDD3005DDE14 /* Controller.h */ = {isa = PBXFileReference; fileEncoding = 30; lastKnownFileType = sourcecode.c.h; path = Controller.h; sourceTree = "<group>"; };
		33E075640CE4DDD3005DDE14 /* Controller.mm */ = {isa = PBXFileReference; fileEncoding = 30; lastKnownFileType = sourcecode.cpp.objcpp; path = Controller.mm; sourceTree = "<group>"; };
		EADC15C127ED079D00962A5B /* Carbon.framework */ = {isa = PBXFileReference; lastKnownFileType = wrapper.framework; name = Carbon.framework; path = System/Library/Frameworks/Carbon.framework; sourceTree = SDKROOT; };
		EADC15C327ED0CD800962A5B /* basic_swell_template.entitlements */ = {isa = PBXFileReference; lastKnownFileType = text.plist.entitlements; path = basic_swell_template.entitlements; sourceTree = "<group>"; };
		EADC15C427ED109500962A5B /* Cocoa.framework */ = {isa = PBXFileReference; lastKnownFileType = wrapper.framework; name = Cocoa.framework; path = System/Library/Frameworks/Cocoa.framework; sourceTree = SDKROOT; };
		EADC15F427ED1B2D00962A5B /* basic_swell_template.app */ = {isa = PBXFileReference; explicitFileType = wrapper.application; includeInIndex = 0; path = basic_swell_template.app; sourceTree = BUILT_PRODUCTS_DIR; };
		EADC15F627ED4A3300962A5B /* en */ = {isa = PBXFileReference; lastKnownFileType = file.xib; name = en; path = en.lproj/MainMenu.xib; sourceTree = "<group>"; };
		EADC15F827ED6CAA00962A5B /* main.cpp */ = {isa = PBXFileReference; fileEncoding = 4; lastKnownFileType = sourcecode.cpp.cpp; path = main.cpp; sourceTree = "<group>"; };
/* End PBXFileReference section */

/* Begin PBXFrameworksBuildPhase section */
		EADC15EE27ED1B2D00962A5B /* Frameworks */ = {
			isa = PBXFrameworksBuildPhase;
			buildActionMask = 2147483647;
			files = (
				EADC15EF27ED1B2D00962A5B /* Cocoa.framework in Frameworks */,
				EADC15F027ED1B2D00962A5B /* Carbon.framework in Frameworks */,
			);
			runOnlyForDeploymentPostprocessing = 0;
		};
/* End PBXFrameworksBuildPhase section */

/* Begin PBXGroup section */
		19C28FACFE9D520D11CA2CBB /* Products */ = {
			isa = PBXGroup;
			children = (
				EADC15F427ED1B2D00962A5B /* basic_swell_template.app */,
			);
			name = Products;
			sourceTree = "<group>";
		};
		29B97314FDCFA39411CA2CEA /* test */ = {
			isa = PBXGroup;
			children = (
				EADC15F827ED6CAA00962A5B /* main.cpp */,
				EADC15F527ED4A3300962A5B /* MainMenu.xib */,
				EADC15C327ED0CD800962A5B /* basic_swell_template.entitlements */,
				33E075630CE4DDD3005DDE14 /* Controller.h */,
				33E075640CE4DDD3005DDE14 /* Controller.mm */,
				29B97316FDCFA39411CA2CEA /* main.m */,
				29B97315FDCFA39411CA2CEA /* Other Sources */,
				29B97323FDCFA39411CA2CEA /* Frameworks */,
				19C28FACFE9D520D11CA2CBB /* Products */,
			);
			name = test;
			sourceTree = "<group>";
		};
		29B97315FDCFA39411CA2CEA /* Other Sources */ = {
			isa = PBXGroup;
			children = (
				33343C050CE4DB4A00FF8CE6 /* SWELL */,
			);
			name = "Other Sources";
			sourceTree = "<group>";
		};
		29B97323FDCFA39411CA2CEA /* Frameworks */ = {
			isa = PBXGroup;
			children = (
				EADC15C427ED109500962A5B /* Cocoa.framework */,
				EADC15C127ED079D00962A5B /* Carbon.framework */,
			);
			name = Frameworks;
			sourceTree = "<group>";
		};
		33343C050CE4DB4A00FF8CE6 /* SWELL */ = {
			isa = PBXGroup;
			children = (
				33651CDD10B766A6005FF751 /* swell-misc.mm */,
				33343C0A0CE4DB7000FF8CE6 /* swell-gdi.mm */,
				33343C0B0CE4DB7000FF8CE6 /* swell-ini.cpp */,
				33343C0C0CE4DB7000FF8CE6 /* swell-kb.mm */,
				33343C0D0CE4DB7000FF8CE6 /* swell-menu.mm */,
				33343C0F0CE4DB7000FF8CE6 /* swell-miscdlg.mm */,
				33343C100CE4DB7000FF8CE6 /* swell-wnd.mm */,
				33343C110CE4DB7000FF8CE6 /* swell.cpp */,
				33343C060CE4DB5D00FF8CE6 /* swell-dlg.mm */,
			);
			name = SWELL;
			sourceTree = "<group>";
		};
/* End PBXGroup section */

/* Begin PBXNativeTarget section */
		EADC15DF27ED1B2D00962A5B /* basic_swell_template */ = {
			isa = PBXNativeTarget;
			buildConfigurationList = EADC15F127ED1B2D00962A5B /* Build configuration list for PBXNativeTarget "basic_swell_template" */;
			buildPhases = (
				EADC15E027ED1B2D00962A5B /* Resources */,
				EADC15E227ED1B2D00962A5B /* Sources */,
				EADC15EE27ED1B2D00962A5B /* Frameworks */,
			);
			buildRules = (
			);
			dependencies = (
			);
			name = basic_swell_template;
			productInstallPath = "$(HOME)/Applications";
			productName = test;
			productReference = EADC15F427ED1B2D00962A5B /* basic_swell_template.app */;
			productType = "com.apple.product-type.application";
		};
/* End PBXNativeTarget section */

/* Begin PBXProject section */
		29B97313FDCFA39411CA2CEA /* Project object */ = {
			isa = PBXProject;
			attributes = {
				LastUpgradeCheck = 1320;
			};
			buildConfigurationList = C01FCF4E08A954540054247B /* Build configuration list for PBXProject "basic_swell_template" */;
			compatibilityVersion = "Xcode 10.0";
			developmentRegion = en;
			hasScannedForEncodings = 1;
			knownRegions = (
				en,
				Base,
				fr,
				de,
				ja,
			);
			mainGroup = 29B97314FDCFA39411CA2CEA /* test */;
			projectDirPath = "";
			projectRoot = "";
			targets = (
				EADC15DF27ED1B2D00962A5B /* basic_swell_template */,
			);
		};
/* End PBXProject section */

/* Begin PBXResourcesBuildPhase section */
		EADC15E027ED1B2D00962A5B /* Resources */ = {
			isa = PBXResourcesBuildPhase;
			buildActionMask = 2147483647;
			files = (
				EADC15F727ED4A3300962A5B /* MainMenu.xib in Resources */,
			);
			runOnlyForDeploymentPostprocessing = 0;
		};
/* End PBXResourcesBuildPhase section */

/* Begin PBXSourcesBuildPhase section */
		EADC15E227ED1B2D00962A5B /* Sources */ = {
			isa = PBXSourcesBuildPhase;
			buildActionMask = 2147483647;
			files = (
				EADC15E327ED1B2D00962A5B /* main.m in Sources */,
				EADC15E427ED1B2D00962A5B /* swell-dlg.mm in Sources */,
				EADC15E527ED1B2D00962A5B /* swell-gdi.mm in Sources */,
				EADC15E627ED1B2D00962A5B /* swell-ini.cpp in Sources */,
				EADC15E727ED1B2D00962A5B /* swell-kb.mm in Sources */,
				EADC15E827ED1B2D00962A5B /* swell-menu.mm in Sources */,
				EADC15E927ED1B2D00962A5B /* swell-miscdlg.mm in Sources */,
				EADC15EA27ED1B2D00962A5B /* swell-wnd.mm in Sources */,
				EADC15EB27ED1B2D00962A5B /* swell.cpp in Sources */,
				EADC15EC27ED1B2D00962A5B /* Controller.mm in Sources */,
				EADC15ED27ED1B2D00962A5B /* swell-misc.mm in Sources */,
			);
			runOnlyForDeploymentPostprocessing = 0;
		};
/* End PBXSourcesBuildPhase section */

/* Begin PBXVariantGroup section */
		EADC15F527ED4A3300962A5B /* MainMenu.xib */ = {
			isa = PBXVariantGroup;
			children = (
				EADC15F627ED4A3300962A5B /* en */,
			);
			name = MainMenu.xib;
			sourceTree = "<group>";
		};
/* End PBXVariantGroup section */

/* Begin XCBuildConfiguration section */
		C01FCF4F08A954540054247B /* Debug */ = {
			isa = XCBuildConfiguration;
			buildSettings = {
				ALWAYS_SEARCH_USER_PATHS = NO;
				CLANG_ANALYZER_LOCALIZABILITY_NONLOCALIZED = YES;
				CLANG_WARN_BLOCK_CAPTURE_AUTORELEASING = YES;
				CLANG_WARN_BOOL_CONVERSION = YES;
				CLANG_WARN_COMMA = YES;
				CLANG_WARN_CONSTANT_CONVERSION = YES;
				CLANG_WARN_DEPRECATED_OBJC_IMPLEMENTATIONS = YES;
				CLANG_WARN_EMPTY_BODY = YES;
				CLANG_WARN_ENUM_CONVERSION = YES;
				CLANG_WARN_INFINITE_RECURSION = YES;
				CLANG_WARN_INT_CONVERSION = YES;
				CLANG_WARN_NON_LITERAL_NULL_CONVERSION = YES;
				CLANG_WARN_OBJC_IMPLICIT_RETAIN_SELF = YES;
				CLANG_WARN_OBJC_LITERAL_CONVERSION = YES;
				CLANG_WARN_QUOTED_INCLUDE_IN_FRAMEWORK_HEADER = YES;
				CLANG_WARN_RANGE_LOOP_ANALYSIS = YES;
				CLANG_WARN_STRICT_PROTOTYPES = YES;
				CLANG_WARN_SUSPICIOUS_MOVE = YES;
				CLANG_WARN_UNREACHABLE_CODE = YES;
				CLANG_WARN__DUPLICATE_METHOD_MATCH = YES;
				ENABLE_STRICT_OBJC_MSGSEND = YES;
				ENABLE_TESTABILITY = YES;
				GCC_NO_COMMON_BLOCKS = YES;
				GCC_WARN_64_TO_32_BIT_CONVERSION = YES;
				GCC_WARN_ABOUT_RETURN_TYPE = YES;
				GCC_WARN_UNDECLARED_SELECTOR = YES;
				GCC_WARN_UNINITIALIZED_AUTOS = YES;
				GCC_WARN_UNUSED_FUNCTION = YES;
				GCC_WARN_UNUSED_VARIABLE = YES;
				MACOSX_DEPLOYMENT_TARGET = 10.11;
				ONLY_ACTIVE_ARCH = YES;
				SDKROOT = macosx;
			};
			name = Debug;
		};
		C01FCF5008A954540054247B /* Release */ = {
			isa = XCBuildConfiguration;
			buildSettings = {
				ALWAYS_SEARCH_USER_PATHS = NO;
				CLANG_ANALYZER_LOCALIZABILITY_NONLOCALIZED = YES;
				CLANG_WARN_BLOCK_CAPTURE_AUTORELEASING = YES;
				CLANG_WARN_BOOL_CONVERSION = YES;
				CLANG_WARN_COMMA = YES;
				CLANG_WARN_CONSTANT_CONVERSION = YES;
				CLANG_WARN_DEPRECATED_OBJC_IMPLEMENTATIONS = YES;
				CLANG_WARN_EMPTY_BODY = YES;
				CLANG_WARN_ENUM_CONVERSION = YES;
				CLANG_WARN_INFINITE_RECURSION = YES;
				CLANG_WARN_INT_CONVERSION = YES;
				CLANG_WARN_NON_LITERAL_NULL_CONVERSION = YES;
				CLANG_WARN_OBJC_IMPLICIT_RETAIN_SELF = YES;
				CLANG_WARN_OBJC_LITERAL_CONVERSION = YES;
				CLANG_WARN_QUOTED_INCLUDE_IN_FRAMEWORK_HEADER = YES;
				CLANG_WARN_RANGE_LOOP_ANALYSIS = YES;
				CLANG_WARN_STRICT_PROTOTYPES = YES;
				CLANG_WARN_SUSPICIOUS_MOVE = YES;
				CLANG_WARN_UNREACHABLE_CODE = YES;
				CLANG_WARN__DUPLICATE_METHOD_MATCH = YES;
				ENABLE_STRICT_OBJC_MSGSEND = YES;
				GCC_NO_COMMON_BLOCKS = YES;
				GCC_WARN_64_TO_32_BIT_CONVERSION = YES;
				GCC_WARN_ABOUT_RETURN_TYPE = YES;
				GCC_WARN_UNDECLARED_SELECTOR = YES;
				GCC_WARN_UNINITIALIZED_AUTOS = YES;
				GCC_WARN_UNUSED_FUNCTION = YES;
				GCC_WARN_UNUSED_VARIABLE = YES;
				MACOSX_DEPLOYMENT_TARGET = 10.11;
				SDKROOT = macosx;
			};
			name = Release;
		};
		EADC15F227ED1B2D00962A5B /* Debug */ = {
			isa = XCBuildConfiguration;
			buildSettings = {
				CLANG_ENABLE_OBJC_WEAK = YES;
				CLANG_LINK_OBJC_RUNTIME = NO;
				CODE_SIGN_ENTITLEMENTS = basic_swell_template.entitlements;
				CODE_SIGN_IDENTITY = "-";
				CODE_SIGN_STYLE = Automatic;
				COPY_PHASE_STRIP = NO;
				DEPLOYMENT_LOCATION = YES;
				DEVELOPMENT_TEAM = "";
				DSTROOT = "";
				GCC_DYNAMIC_NO_PIC = NO;
				GCC_MODEL_TUNING = G5;
				GCC_OPTIMIZATION_LEVEL = 0;
				GENERATE_INFOPLIST_FILE = YES;
				INFOPLIST_KEY_NSMainNibFile = MainMenu;
				INFOPLIST_KEY_NSPrincipalClass = NSApplication;
				INSTALL_PATH = ../;
				LD_RUNPATH_SEARCH_PATHS = (
					"$(inherited)",
					"@executable_path/../Frameworks",
				);
				PRODUCT_BUNDLE_IDENTIFIER = com.yourcompany.test;
				PRODUCT_NAME = "$(TARGET_NAME)";
				PROVISIONING_PROFILE_SPECIFIER = "";
				SDKROOT = macosx;
				WRAPPER_EXTENSION = app;
				ZERO_LINK = YES;
			};
			name = Debug;
		};
		EADC15F327ED1B2D00962A5B /* Release */ = {
			isa = XCBuildConfiguration;
			buildSettings = {
				CLANG_ENABLE_OBJC_WEAK = YES;
				CLANG_LINK_OBJC_RUNTIME = NO;
				CODE_SIGN_ENTITLEMENTS = basic_swell_template.entitlements;
				CODE_SIGN_IDENTITY = "-";
				CODE_SIGN_STYLE = Automatic;
				DEPLOYMENT_LOCATION = YES;
				DEVELOPMENT_TEAM = "";
				DSTROOT = "";
				GCC_GENERATE_DEBUGGING_SYMBOLS = NO;
				GCC_MODEL_TUNING = G5;
				GENERATE_INFOPLIST_FILE = YES;
				INFOPLIST_KEY_NSMainNibFile = MainMenu;
				INFOPLIST_KEY_NSPrincipalClass = NSApplication;
				INSTALL_PATH = ../;
				LD_RUNPATH_SEARCH_PATHS = (
					"$(inherited)",
					"@executable_path/../Frameworks",
				);
				PRODUCT_BUNDLE_IDENTIFIER = com.yourcompany.test;
				PRODUCT_NAME = "$(TARGET_NAME)";
				PROVISIONING_PROFILE_SPECIFIER = "";
				SDKROOT = macosx;
				WRAPPER_EXTENSION = app;
			};
			name = Release;
		};
/* End XCBuildConfiguration section */

/* Begin XCConfigurationList section */
		C01FCF4E08A954540054247B /* Build configuration list for PBXProject "basic_swell_template" */ = {
			isa = XCConfigurationList;
			buildConfigurations = (
				C01FCF4F08A954540054247B /* Debug */,
				C01FCF5008A954540054247B /* Release */,
			);
			defaultConfigurationIsVisible = 0;
			defaultConfigurationName = Release;
		};
		EADC15F127ED1B2D00962A5B /* Build configuration list for PBXNativeTarget "basic_swell_template" */ = {
			isa = XCConfigurationList;
			buildConfigurations = (
				EADC15F227ED1B2D00962A5B /* Debug */,
				EADC15F327ED1B2D00962A5B /* Release */,
			);
			defaultConfigurationIsVisible = 0;
			defaultConfigurationName = Release;
		};
/* End XCConfigurationList section */
	};
	rootObject = 29B97313FDCFA39411CA2CEA /* Project object */;
}
